
Microsoft Visual Studio Solution File, Format Version 12.00
# Visual Studio Version 17
VisualStudioVersion = 17.11.35431.28
MinimumVisualStudioVersion = 10.0.40219.1
Project("{FAE04EC0-301F-11D3-BF4B-00C04F79EFBC}") = "AmigoSecreto.api", "AmigoSecretoAPI\AmigoSecreto.api.csproj", "{CF55729C-E0C9-4880-80B8-A689A94680AE}"
EndProject
Project("{FAE04EC0-301F-11D3-BF4B-00C04F79EFBC}") = "AmigoSecreto.domain", "AmigoSecreto.domain\AmigoSecreto.domain.csproj", "{D871AEF0-71B9-4492-8ED9-A5F95BD1C8A9}"
EndProject
Project("{FAE04EC0-301F-11D3-BF4B-00C04F79EFBC}") = "AmigoSecreto.infra", "AmigoSecreto.infra\AmigoSecreto.infra.csproj", "{6F6DD002-AA63-42FE-A065-6A4929E3C3F4}"
EndProject
Project("{FAE04EC0-301F-11D3-BF4B-00C04F79EFBC}") = "AmigoSecreto.services", "AmigoSecreto.services\AmigoSecreto.services.csproj", "{57BBF6FA-5A00-42D1-BFB6-A0F822CE3148}"
EndProject
Global
	GlobalSection(SolutionConfigurationPlatforms) = preSolution
		Debug|Any CPU = Debug|Any CPU
		Release|Any CPU = Release|Any CPU
	EndGlobalSection
	GlobalSection(ProjectConfigurationPlatforms) = postSolution
		{CF55729C-E0C9-4880-80B8-A689A94680AE}.Debug|Any CPU.ActiveCfg = Debug|Any CPU
		{CF55729C-E0C9-4880-80B8-A689A94680AE}.Debug|Any CPU.Build.0 = Debug|Any CPU
		{CF55729C-E0C9-4880-80B8-A689A94680AE}.Release|Any CPU.ActiveCfg = Release|Any CPU
		{CF55729C-E0C9-4880-80B8-A689A94680AE}.Release|Any CPU.Build.0 = Release|Any CPU
		{D871AEF0-71B9-4492-8ED9-A5F95BD1C8A9}.Debug|Any CPU.ActiveCfg = Debug|Any CPU
		{D871AEF0-71B9-4492-8ED9-A5F95BD1C8A9}.Debug|Any CPU.Build.0 = Debug|Any CPU
		{D871AEF0-71B9-4492-8ED9-A5F95BD1C8A9}.Release|Any CPU.ActiveCfg = Release|Any CPU
		{D871AEF0-71B9-4492-8ED9-A5F95BD1C8A9}.Release|Any CPU.Build.0 = Release|Any CPU
		{6F6DD002-AA63-42FE-A065-6A4929E3C3F4}.Debug|Any CPU.ActiveCfg = Debug|Any CPU
		{6F6DD002-AA63-42FE-A065-6A4929E3C3F4}.Debug|Any CPU.Build.0 = Debug|Any CPU
		{6F6DD002-AA63-42FE-A065-6A4929E3C3F4}.Release|Any CPU.ActiveCfg = Release|Any CPU
		{6F6DD002-AA63-42FE-A065-6A4929E3C3F4}.Release|Any CPU.Build.0 = Release|Any CPU
		{57BBF6FA-5A00-42D1-BFB6-A0F822CE3148}.Debug|Any CPU.ActiveCfg = Debug|Any CPU
		{57BBF6FA-5A00-42D1-BFB6-A0F822CE3148}.Debug|Any CPU.Build.0 = Debug|Any CPU
		{57BBF6FA-5A00-42D1-BFB6-A0F822CE3148}.Release|Any CPU.ActiveCfg = Release|Any CPU
		{57BBF6FA-5A00-42D1-BFB6-A0F822CE3148}.Release|Any CPU.Build.0 = Release|Any CPU
	EndGlobalSection
	GlobalSection(SolutionProperties) = preSolution
		HideSolutionNode = FALSE
	EndGlobalSection
	GlobalSection(ExtensibilityGlobals) = postSolution
		SolutionGuid = {E5EBCDC0-DB20-4C7D-B1B2-48309ACBBE13}
	EndGlobalSection
EndGlobal
